
Microsoft Visual Studio Solution File, Format Version 12.00
Project("{FAE04EC0-301F-11D3-BF4B-00C04F79EFBC}") = "oo_part_1", "oo_part_1.csproj", "{1CE9976D-7CDD-4EC5-A9A2-018FB34714F7}"
EndProject
Global
	GlobalSection(SolutionConfigurationPlatforms) = preSolution
		Debug|Any CPU = Debug|Any CPU
		Release|Any CPU = Release|Any CPU
	EndGlobalSection
	GlobalSection(ProjectConfigurationPlatforms) = postSolution
		{1CE9976D-7CDD-4EC5-A9A2-018FB34714F7}.Debug|Any CPU.ActiveCfg = Debug|Any CPU
		{1CE9976D-7CDD-4EC5-A9A2-018FB34714F7}.Debug|Any CPU.Build.0 = Debug|Any CPU
		{1CE9976D-7CDD-4EC5-A9A2-018FB34714F7}.Release|Any CPU.ActiveCfg = Release|Any CPU
		{1CE9976D-7CDD-4EC5-A9A2-018FB34714F7}.Release|Any CPU.Build.0 = Release|Any CPU
	EndGlobalSection
EndGlobal
